
Microsoft Visual Studio Solution File, Format Version 12.00
# Visual Studio Version 17
VisualStudioVersion = 17.8.34330.188
MinimumVisualStudioVersion = 10.0.40219.1
Project("{FAE04EC0-301F-11D3-BF4B-00C04F79EFBC}") = "carlight.Android", "carlight.Android\carlight.Android.csproj", "{09734E2B-C776-4D70-91C5-9643CE3CD706}"
EndProject
Project("{FAE04EC0-301F-11D3-BF4B-00C04F79EFBC}") = "carlight.iOS", "carlight.iOS\carlight.iOS.csproj", "{C6DBF6D1-E1D2-452C-B0D6-11D62A1DCE08}"
EndProject
Project("{FAE04EC0-301F-11D3-BF4B-00C04F79EFBC}") = "carlight", "carlight\carlight.csproj", "{5235B31D-4A2D-4FA1-9389-2C143B400C20}"
EndProject
Global
	GlobalSection(SolutionConfigurationPlatforms) = preSolution
		Debug|Any CPU = Debug|Any CPU
		Debug|iPhone = Debug|iPhone
		Debug|iPhoneSimulator = Debug|iPhoneSimulator
		Release|Any CPU = Release|Any CPU
		Release|iPhone = Release|iPhone
		Release|iPhoneSimulator = Release|iPhoneSimulator
	EndGlobalSection
	GlobalSection(ProjectConfigurationPlatforms) = postSolution
		{09734E2B-C776-4D70-91C5-9643CE3CD706}.Debug|Any CPU.ActiveCfg = Debug|Any CPU
		{09734E2B-C776-4D70-91C5-9643CE3CD706}.Debug|Any CPU.Build.0 = Debug|Any CPU
		{09734E2B-C776-4D70-91C5-9643CE3CD706}.Debug|Any CPU.Deploy.0 = Debug|Any CPU
		{09734E2B-C776-4D70-91C5-9643CE3CD706}.Debug|iPhone.ActiveCfg = Debug|Any CPU
		{09734E2B-C776-4D70-91C5-9643CE3CD706}.Debug|iPhone.Build.0 = Debug|Any CPU
		{09734E2B-C776-4D70-91C5-9643CE3CD706}.Debug|iPhone.Deploy.0 = Debug|Any CPU
		{09734E2B-C776-4D70-91C5-9643CE3CD706}.Debug|iPhoneSimulator.ActiveCfg = Debug|Any CPU
		{09734E2B-C776-4D70-91C5-9643CE3CD706}.Debug|iPhoneSimulator.Build.0 = Debug|Any CPU
		{09734E2B-C776-4D70-91C5-9643CE3CD706}.Debug|iPhoneSimulator.Deploy.0 = Debug|Any CPU
		{09734E2B-C776-4D70-91C5-9643CE3CD706}.Release|Any CPU.ActiveCfg = Release|Any CPU
		{09734E2B-C776-4D70-91C5-9643CE3CD706}.Release|Any CPU.Build.0 = Release|Any CPU
		{09734E2B-C776-4D70-91C5-9643CE3CD706}.Release|Any CPU.Deploy.0 = Release|Any CPU
		{09734E2B-C776-4D70-91C5-9643CE3CD706}.Release|iPhone.ActiveCfg = Release|Any CPU
		{09734E2B-C776-4D70-91C5-9643CE3CD706}.Release|iPhone.Build.0 = Release|Any CPU
		{09734E2B-C776-4D70-91C5-9643CE3CD706}.Release|iPhone.Deploy.0 = Release|Any CPU
		{09734E2B-C776-4D70-91C5-9643CE3CD706}.Release|iPhoneSimulator.ActiveCfg = Release|Any CPU
		{09734E2B-C776-4D70-91C5-9643CE3CD706}.Release|iPhoneSimulator.Build.0 = Release|Any CPU
		{09734E2B-C776-4D70-91C5-9643CE3CD706}.Release|iPhoneSimulator.Deploy.0 = Release|Any CPU
		{C6DBF6D1-E1D2-452C-B0D6-11D62A1DCE08}.Debug|Any CPU.ActiveCfg = Debug|iPhone
		{C6DBF6D1-E1D2-452C-B0D6-11D62A1DCE08}.Debug|Any CPU.Build.0 = Debug|iPhone
		{C6DBF6D1-E1D2-452C-B0D6-11D62A1DCE08}.Debug|Any CPU.Deploy.0 = Debug|iPhone
		{C6DBF6D1-E1D2-452C-B0D6-11D62A1DCE08}.Debug|iPhone.ActiveCfg = Debug|iPhone
		{C6DBF6D1-E1D2-452C-B0D6-11D62A1DCE08}.Debug|iPhone.Build.0 = Debug|iPhone
		{C6DBF6D1-E1D2-452C-B0D6-11D62A1DCE08}.Debug|iPhone.Deploy.0 = Debug|iPhone
		{C6DBF6D1-E1D2-452C-B0D6-11D62A1DCE08}.Debug|iPhoneSimulator.ActiveCfg = Debug|iPhoneSimulator
		{C6DBF6D1-E1D2-452C-B0D6-11D62A1DCE08}.Debug|iPhoneSimulator.Build.0 = Debug|iPhoneSimulator
		{C6DBF6D1-E1D2-452C-B0D6-11D62A1DCE08}.Debug|iPhoneSimulator.Deploy.0 = Debug|iPhoneSimulator
		{C6DBF6D1-E1D2-452C-B0D6-11D62A1DCE08}.Release|Any CPU.ActiveCfg = Release|iPhoneSimulator
		{C6DBF6D1-E1D2-452C-B0D6-11D62A1DCE08}.Release|Any CPU.Build.0 = Release|iPhoneSimulator
		{C6DBF6D1-E1D2-452C-B0D6-11D62A1DCE08}.Release|Any CPU.Deploy.0 = Release|iPhoneSimulator
		{C6DBF6D1-E1D2-452C-B0D6-11D62A1DCE08}.Release|iPhone.ActiveCfg = Release|iPhone
		{C6DBF6D1-E1D2-452C-B0D6-11D62A1DCE08}.Release|iPhone.Build.0 = Release|iPhone
		{C6DBF6D1-E1D2-452C-B0D6-11D62A1DCE08}.Release|iPhone.Deploy.0 = Release|iPhone
		{C6DBF6D1-E1D2-452C-B0D6-11D62A1DCE08}.Release|iPhoneSimulator.ActiveCfg = Release|iPhoneSimulator
		{C6DBF6D1-E1D2-452C-B0D6-11D62A1DCE08}.Release|iPhoneSimulator.Build.0 = Release|iPhoneSimulator
		{C6DBF6D1-E1D2-452C-B0D6-11D62A1DCE08}.Release|iPhoneSimulator.Deploy.0 = Release|iPhoneSimulator
		{5235B31D-4A2D-4FA1-9389-2C143B400C20}.Debug|Any CPU.ActiveCfg = Debug|Any CPU
		{5235B31D-4A2D-4FA1-9389-2C143B400C20}.Debug|Any CPU.Build.0 = Debug|Any CPU
		{5235B31D-4A2D-4FA1-9389-2C143B400C20}.Debug|Any CPU.Deploy.0 = Debug|Any CPU
		{5235B31D-4A2D-4FA1-9389-2C143B400C20}.Debug|iPhone.ActiveCfg = Debug|Any CPU
		{5235B31D-4A2D-4FA1-9389-2C143B400C20}.Debug|iPhone.Build.0 = Debug|Any CPU
		{5235B31D-4A2D-4FA1-9389-2C143B400C20}.Debug|iPhone.Deploy.0 = Debug|Any CPU
		{5235B31D-4A2D-4FA1-9389-2C143B400C20}.Debug|iPhoneSimulator.ActiveCfg = Debug|Any CPU
		{5235B31D-4A2D-4FA1-9389-2C143B400C20}.Debug|iPhoneSimulator.Build.0 = Debug|Any CPU
		{5235B31D-4A2D-4FA1-9389-2C143B400C20}.Debug|iPhoneSimulator.Deploy.0 = Debug|Any CPU
		{5235B31D-4A2D-4FA1-9389-2C143B400C20}.Release|Any CPU.ActiveCfg = Release|Any CPU
		{5235B31D-4A2D-4FA1-9389-2C143B400C20}.Release|Any CPU.Build.0 = Release|Any CPU
		{5235B31D-4A2D-4FA1-9389-2C143B400C20}.Release|Any CPU.Deploy.0 = Release|Any CPU
		{5235B31D-4A2D-4FA1-9389-2C143B400C20}.Release|iPhone.ActiveCfg = Release|Any CPU
		{5235B31D-4A2D-4FA1-9389-2C143B400C20}.Release|iPhone.Build.0 = Release|Any CPU
		{5235B31D-4A2D-4FA1-9389-2C143B400C20}.Release|iPhone.Deploy.0 = Release|Any CPU
		{5235B31D-4A2D-4FA1-9389-2C143B400C20}.Release|iPhoneSimulator.ActiveCfg = Release|Any CPU
		{5235B31D-4A2D-4FA1-9389-2C143B400C20}.Release|iPhoneSimulator.Build.0 = Release|Any CPU
		{5235B31D-4A2D-4FA1-9389-2C143B400C20}.Release|iPhoneSimulator.Deploy.0 = Release|Any CPU
	EndGlobalSection
	GlobalSection(SolutionProperties) = preSolution
		HideSolutionNode = FALSE
	EndGlobalSection
	GlobalSection(ExtensibilityGlobals) = postSolution
		SolutionGuid = {9D1039F7-962B-4921-9166-8242EDCE75A1}
	EndGlobalSection
EndGlobal
